github.com/Sirupsen/logrus v0.7.4-0.20150423025312-26709e271410 h1:d/ZtqrtZPDRwhgOKHK6jan4q514iD9nFchjkXNjh6k0=
github.com/Sirupsen/logrus v0.7.4-0.20150423025312-26709e271410/go.mod h1:rmk17hk6i8ZSAJkSDa7nOxamrG+SP4P0mm+DAvExv4U=
github.com/coreos/go-systemd v0.0.0-20161114122254-48702e0da86b h1:+mtZ0WjVZwTX0RVrXMXDwuYVaNeHGvWBW1UwJeMR+2M=
github.com/coreos/go-systemd v0.0.0-20161114122254-48702e0da86b/go.mod h1:F5haX7vjVVG0kc13fIWeqUViNPyEJxv/OmvnBo0Yme4=
github.com/coreos/pkg v0.0.0-20160727233714-3ac0863d7acf h1:CAKfRE2YtTUIjjh1bkBtyYFaUT/WmOqsJjgtihT0vMI=
github.com/coreos/pkg v0.0.0-20160727233714-3ac0863d7acf/go.mod h1:E3G3o1h8I7cfcXa63jLwjI0eiQQMgzzUDFVpN/nH/eA=
github.com/davecgh/go-spew v1.1.0 h1:ZDRjVQ15GmhC3fiQ8ni8+OwkZQO4DARzQgrnXU1Liz8=
github.com/davecgh/go-spew v1.1.0/go.mod h1:J7Y8YcW2NihsgmVo/mv3lAwl/skON4iLHjSsI+c5H38=
github.com/docker/docker v1.4.2-0.20150722082610-0f5c9d301b9b h1:qKktLGP5A96BXXF6cL51WK22r/2uba2CsTFEhJgnkt4=
github.com/docker/docker v1.4.2-0.20150722082610-0f5c9d301b9b/go.mod h1:eEKB0N0r5NX/I1kEveEz05bcu8tLC/8azJZsviup8Sk=
github.com/docker/go-units v0.2.0 h1:TtZVwKVMsN8COBXUhH/x17NFxEFfIIK2i9DL/nz4zfE=
github.com/docker/go-units v0.2.0/go.mod h1:fgPhTUdO+D/Jk86RDLlptpiXQzgHJF7gydDDbaIK4Dk=
github.com/godbus/dbus v0.0.0-20151105175453-c7fdd8b5cd55 h1:oIgNYSrSUbNH5DJh6DMhU1PiOKOYIHNxrV3djLsLpEI=
github.com/godbus/dbus v0.0.0-20151105175453-c7fdd8b5cd55/go.mod h1:/YcGZj5zSblfDWMMoOzV4fas9FZnQYTkDnsGvmh2Grw=
github.com/golang/protobuf v0.0.0-20150316215550-f7137ae6b19a h1:59dypPPktAnZaiZRE1mmon0k8oV4/jSjDw5NcBcwNs4=
github.com/golang/protobuf v0.0.0-20150316215550-f7137ae6b19a/go.mod h1:6lQm79b+lXiMfvg/cZm0SGofjICqVBUtrP5yJMmIC1U=
github.com/mrunalp/fileutils v0.0.0-20160610222446-ed869b029674 h1:6adeeLyL1ODW0umMHTYaU+NkdFgYkHKSYC2cw3MDx2g=
github.com/mrunalp/fileutils v0.0.0-20160610222446-ed869b029674/go.mod h1:x8F1gnqOkIEiO4rqoeEEEqQbo7HjGMTvyoq3gej4iT0=
github.com/opencontainers/runtime-spec v1.0.0-rc3 h1:sNAphflMIFtEYwISVM+lBUB/a7yaHTFpIh3/SfNWXIY=
github.com/opencontainers/runtime-spec v1.0.0-rc3/go.mod h1:jwyrGlmzljRJv/Fgzds9SsS/C5hL+LL3ko9hs6T5lQ0=
github.com/pmezard/go-difflib v1.0.0 h1:4DBwDE0NGyQoBHbLQYPwSUPoCMWR5BEzIk/f1lZbAQM=
github.com/pmezard/go-difflib v1.0.0/go.mod h1:iKH77koFhYxTK1pcRnkKkqfTogsbg7gZNVY4sRDYZ/4=
github.com/seccomp/libseccomp-golang v0.0.0-20160531183505-32f571b70023 h1:ZtrLs4RfZhyCYqamkjrwNSSAYhnRYqBSi8g17h2kars=
github.com/seccomp/libseccomp-golang v0.0.0-20160531183505-32f571b70023/go.mod h1:GbW5+tmTXfcxTToHLXlScSlAvWlF4P2Ca7zGrPiEpWo=
github.com/stretchr/objx v0.1.0/go.mod h1:HFkY916IF+rwdDfMAkV7OtwuqBVzrE8GR6GFx+wExME=
github.com/stretchr/testify v1.7.0 h1:nwc3DEeHmmLAfoZucVR881uASk0Mfjw8xYJ99tb5CcY=
github.com/stretchr/testify v1.7.0/go.mod h1:6Fq8oRcR53rry900zMqJjRRixrwX3KX962/h/Wwjteg=
github.com/syndtr/gocapability v0.0.0-20160928074757-e7cb7fa329f4 h1:w58e6FAOMd+rUgOfhaBb+ZVOQIOfUkpv5AAQVmf6hsI=
github.com/syndtr/gocapability v0.0.0-20160928074757-e7cb7fa329f4/go.mod h1:hkRG7XYTFWNJGYcbNJQlaLq0fg1yr4J4t/NcTQtrfww=
github.com/urfave/cli v1.18.1-0.20160917213806-d53eb991652b h1:jBxVH0eNWUwETkJXmL2gOILIQ9ltTWBcWAE8PArg97Y=
github.com/urfave/cli v1.18.1-0.20160917213806-d53eb991652b/go.mod h1:70zkFmudgCuE/ngEzBv17Jvp/497gISqfk5gWijbERA=
github.com/vishvananda/netlink v0.0.0-20150820014904-1e2e08e8a2dc h1:0HAHLwEY4k1VqaO1SzBi4XxT0KA06Cv+QW2LXknBk9g=
github.com/vishvananda/netlink v0.0.0-20150820014904-1e2e08e8a2dc/go.mod h1:+SR5DhBJrl6ZM7CoCKvpw5BKroDKQ+PJqOg65H/2ktk=
github.com/vishvananda/netns v0.0.0-20210104183010-2eb08e3e575f h1:p4VB7kIXpOQvVn1ZaTIVp+3vuYAXFe3OJEvjbUYJLaA=
github.com/vishvananda/netns v0.0.0-20210104183010-2eb08e3e575f/go.mod h1:DD4vA1DwXk04H54A1oHXtwZmA0grkVMdPxx/VGLCah0=
golang.org/x/sys v0.0.0-20200217220822-9197077df867 h1:JoRuNIf+rpHl+VhScRQQvzbHed86tKkqwPMV34T8myw=
golang.org/x/sys v0.0.0-20200217220822-9197077df867/go.mod h1:h1NjWce9XRLGQEsW7wpKNCjG9DtNlClVuFLEZdDNbEs=
gopkg.in/check.v1 v0.0.0-20161208181325-20d25e280405/go.mod h1:Co6ibVJAznAaIkqp8huTwlJQCZ016jof/cbN4VW5Yz0=
gopkg.in/yaml.v3 v3.0.0-20200313102051-9f266ea9e77c h1:dUUwHk2QECo/6vqA44rthZ8ie2QXMNeKRTHCNY2nXvo=
gopkg.in/yaml.v3 v3.0.0-20200313102051-9f266ea9e77c/go.mod h1:K4uyk7z7BCEPqu6E+C64Yfv1cQ7kz7rIZviUmN+EgEM=
